#MicroXplorer Configuration settings - do not modify
Mcu.Family=STM32F4
ProjectManager.MainLocation=Core/Src
PB13.GPIOParameters=GPIO_Label
RCC.CortexFreq_Value=96000000
ProjectManager.KeepUserCode=true
Mcu.UserName=STM32F411CEUx
SPI1.VirtualType=VM_MASTER
SPI2.VirtualType=VM_MASTER
PB10.Mode=Full_Duplex_Master
TIM1.IPParameters=Channel-Input_Capture1_from_TI1,Channel-Input_Capture2_from_TI2
RCC.PLLCLKFreq_Value=96000000
PB14.GPIO_Label=SD_MISO_EXP2_1
RCC.PLLQCLKFreq_Value=48000000
ProjectManager.functionlistsort=1-MX_GPIO_Init-GPIO-false-HAL-true,2-SystemClock_Config-RCC-false-HAL-false,3-MX_SPI1_Init-SPI1-false-HAL-true,4-MX_SPI2_Init-SPI2-false-HAL-true,5-MX_TIM1_Init-TIM1-false-HAL-true,6-MX_USART1_UART_Init-USART1-false-HAL-true,7-MX_USB_OTG_FS_PCD_Init-USB_OTG_FS-false-HAL-true
PA9.GPIOParameters=GPIO_Label
PA11.Mode=Device_Only
RCC.RTCFreq_Value=32000
PA6.GPIO_Label=LCD_RESET_UNUSED
SH.S_TIM1_CH1.ConfNb=1
USART1.IPParameters=VirtualMode
PB13.GPIO_Label=SD_SCK_EXP2_2
PB13.Signal=GPIO_Output
PB15.Signal=SPI2_MOSI
PA2.GPIOParameters=GPIO_Label
PinOutPanel.RotationAngle=0
RCC.SYSCLKSource=RCC_SYSCLKSOURCE_PLLCLK
ProjectManager.StackSize=0x400
Mcu.IP4=SYS
RCC.FCLKCortexFreq_Value=96000000
Mcu.IP5=TIM1
NVIC.SVCall_IRQn=true\:0\:0\:false\:false\:true\:false\:false
Mcu.IP2=SPI1
Mcu.IP3=SPI2
PA15.GPIO_Label=SERIAL_GPIB_TX
Mcu.IP0=NVIC
Mcu.IP1=RCC
PA12.Signal=USB_OTG_FS_DP
Mcu.UserConstants=
PH0\ -\ OSC_IN.Signal=RCC_OSC_IN
Mcu.ThirdPartyNb=0
SPI1.Direction=SPI_DIRECTION_1LINE
RCC.HCLKFreq_Value=96000000
Mcu.IPNb=8
RCC.I2SClocksFreq_Value=150000000
ProjectManager.PreviousToolchain=
RCC.APB2TimFreq_Value=96000000
RCC.VcooutputI2S=150000000
SPI1.CalculateBaudRate=48.0 MBits/s
PA8.GPIOParameters=GPIO_Label
Mcu.Pin6=PA2
Mcu.Pin7=PA4
Mcu.Pin8=PA5
Mcu.Pin9=PA6
RCC.AHBFreq_Value=96000000
PB13.Locked=true
Mcu.Pin0=PC13-ANTI_TAMP
Mcu.Pin1=PC14-OSC32_IN
GPIO.groupedBy=Show All
Mcu.Pin2=PC15-OSC32_OUT
Mcu.Pin3=PH0 - OSC_IN
Mcu.Pin4=PH1 - OSC_OUT
Mcu.Pin5=PA1
ProjectManager.ProjectBuild=false
RCC.HSE_VALUE=25000000
NVIC.UsageFault_IRQn=true\:0\:0\:false\:false\:true\:false\:false
NVIC.DebugMonitor_IRQn=true\:0\:0\:false\:false\:true\:false\:false
PA4.Locked=true
PC13-ANTI_TAMP.Signal=GPIO_Output
PA15.Mode=Asynchronous
NVIC.SysTick_IRQn=true\:0\:0\:false\:false\:true\:false\:true
PB12.GPIO_Label=SD_CS_EXP2_4
ProjectManager.FirmwarePackage=STM32Cube FW_F4 V1.25.2
MxDb.Version=DB.6.0.10
PA1.GPIOParameters=GPIO_Label
ProjectManager.BackupPrevious=false
PC14-OSC32_IN.Mode=LSE-External-Oscillator
RCC.VCOInputFreq_Value=1000000
PA14.Mode=Serial_Wire
PB14.Mode=Full_Duplex_Master
File.Version=6
PA10.GPIO_Label=SERIAL_GPIB_RX
SPI2.CalculateBaudRate=24.0 MBits/s
PB8.Locked=true
PA8.Signal=S_TIM1_CH1
NVIC.PendSV_IRQn=true\:0\:0\:false\:false\:true\:false\:false
TIM1.Channel-Input_Capture2_from_TI2=TIM_CHANNEL_2
ProjectManager.HalAssertFull=false
ProjectManager.ProjectName=stm32cube
Mcu.Package=UFQFPN48
PB9.Signal=GPIO_Output
PA6.Signal=GPIO_Output
SPI2.Mode=SPI_MODE_MASTER
ProjectManager.ToolChainLocation=
PA2.GPIO_Label=ROTARY_BTN_EXP1_2
RCC.LSI_VALUE=32000
VP_SYS_VS_Systick.Signal=SYS_VS_Systick
PA10.Signal=USART1_RX
USB_OTG_FS.VirtualMode=Device_Only
PA15.Signal=USART1_TX
PA5.GPIOParameters=GPIO_Label
PB14.GPIOParameters=GPIO_Label
RCC.APB1TimFreq_Value=96000000
NVIC.BusFault_IRQn=true\:0\:0\:false\:false\:true\:false\:false
SPI2.Direction=SPI_DIRECTION_2LINES
USB_OTG_FS.IPParameters=VirtualMode
PA4.GPIO_Label=LCD_CS_LCDRS_EXP1_4
ProjectManager.CustomerFirmwarePackage=
PC13-ANTI_TAMP.GPIOParameters=GPIO_Label
PA5.Mode=Simplex_Bidirectional_Master
PA2.Locked=true
PA6.GPIOParameters=GPIO_Label
PC15-OSC32_OUT.Mode=LSE-External-Oscillator
ProjectManager.ProjectFileName=stm32cube.ioc
PB8.GPIOParameters=GPIO_Label
PA7.Mode=Simplex_Bidirectional_Master
PB9.GPIO_Label=BEEPER_EXP1_1
Mcu.PinsNb=27
PA15.GPIOParameters=GPIO_Label
PA10.Mode=Asynchronous
ProjectManager.NoMain=false
SPI1.IPParameters=VirtualType,Mode,Direction,CalculateBaudRate
PC13-ANTI_TAMP.GPIO_Label=LED
PA9.GPIO_Label=ROTARY2_EXP2_3
PH1\ -\ OSC_OUT.Mode=HSE-External-Oscillator
ProjectManager.DefaultFWLocation=true
PB12.Locked=true
ProjectManager.DeletePrevious=true
RCC.APB1CLKDivider=RCC_HCLK_DIV2
PC14-OSC32_IN.Signal=RCC_OSC32_IN
RCC.FamilyName=M
PB9.GPIOParameters=GPIO_Label
PA13.Signal=SYS_JTMS-SWDIO
PB8.GPIO_Label=SD_DET_EXP2_7
PH0\ -\ OSC_IN.Mode=HSE-External-Oscillator
PA8.GPIO_Label=ROTARY1_EXP2_5
SH.S_TIM1_CH1.0=TIM1_CH1,Input_Capture1_from_TI1
ProjectManager.TargetToolchain=EWARM V8.32
PA9.Signal=S_TIM1_CH2
PB9.Locked=true
SPI2.IPParameters=VirtualType,Mode,Direction,CalculateBaudRate
RCC.VCOInputMFreq_Value=1562500
ProjectManager.RegisterCallBack=
PC15-OSC32_OUT.Signal=RCC_OSC32_OUT
PA1.Signal=GPIO_Input
SH.S_TIM1_CH2.ConfNb=1
PB10.Signal=SPI2_SCK
RCC.VCOI2SOutputFreq_Value=300000000
PB14.Signal=SPI2_MISO
PA5.Signal=SPI1_SCK
PH1\ -\ OSC_OUT.Signal=RCC_OSC_OUT
board=custom
RCC.VCOOutputFreq_Value=192000000
PC13-ANTI_TAMP.Locked=true
ProjectManager.LastFirmware=true
PB15.Mode=Full_Duplex_Master
RCC.APB2Freq_Value=96000000
MxCube.Version=6.1.1
PB15.GPIO_Label=SD_MOSI_EXP2_6
SH.S_TIM1_CH2.0=TIM1_CH2,Input_Capture2_from_TI2
SPI1.Mode=SPI_MODE_MASTER
PA1.GPIO_Label=PAUSE_BTN_EXP2_8
PA10.GPIOParameters=GPIO_Label
VP_SYS_VS_Systick.Mode=SysTick
RCC.EthernetFreq_Value=96000000
NVIC.NonMaskableInt_IRQn=true\:0\:0\:false\:false\:true\:false\:false
PA4.GPIOParameters=GPIO_Label
PB15.GPIOParameters=GPIO_Label
PA13.Mode=Serial_Wire
ProjectManager.FreePins=false
RCC.IPParameters=48MHZClocksFreq_Value,AHBFreq_Value,APB1CLKDivider,APB1Freq_Value,APB1TimFreq_Value,APB2Freq_Value,APB2TimFreq_Value,CortexFreq_Value,EthernetFreq_Value,FCLKCortexFreq_Value,FamilyName,HCLKFreq_Value,HSE_VALUE,HSI_VALUE,I2SClocksFreq_Value,LSI_VALUE,PLLCLKFreq_Value,PLLM,PLLQCLKFreq_Value,RTCFreq_Value,RTCHSEDivFreq_Value,SYSCLKFreq_VALUE,SYSCLKSource,VCOI2SOutputFreq_Value,VCOInputFreq_Value,VCOInputMFreq_Value,VCOOutputFreq_Value,VcooutputI2S
ProjectManager.AskForMigrate=true
Mcu.Name=STM32F411C(C-E)Ux
Mcu.Pin26=VP_SYS_VS_Systick
RCC.RTCHSEDivFreq_Value=12500000
PA2.Signal=GPIO_Input
Mcu.Pin24=PB8
ProjectManager.UnderRoot=false
Mcu.Pin25=PB9
Mcu.IP6=USART1
Mcu.IP7=USB_OTG_FS
ProjectManager.CoupleFile=false
RCC.48MHZClocksFreq_Value=48000000
PA4.Signal=GPIO_Output
RCC.SYSCLKFreq_VALUE=96000000
Mcu.Pin22=PA14
Mcu.Pin23=PA15
PA1.Locked=true
PA7.GPIO_Label=LCD_MOSI_LCDE_EXP1_3
Mcu.Pin20=PA12
Mcu.Pin21=PA13
PA12.Mode=Device_Only
PA5.GPIO_Label=LCD_CLK_LCD4_EXP1_5
NVIC.ForceEnableDMAVector=true
KeepUserPlacement=false
TIM1.Channel-Input_Capture1_from_TI1=TIM_CHANNEL_1
NVIC.MemoryManagement_IRQn=true\:0\:0\:false\:false\:true\:false\:false
USART1.VirtualMode=VM_ASYNC
ProjectManager.CompilerOptimize=6
PA11.Signal=USB_OTG_FS_DM
PA14.Signal=SYS_JTCK-SWCLK
ProjectManager.HeapSize=0x200
Mcu.Pin15=PB15
NVIC.HardFault_IRQn=true\:0\:0\:false\:false\:true\:false\:false
Mcu.Pin16=PA8
Mcu.Pin13=PB13
Mcu.Pin14=PB14
Mcu.Pin19=PA11
ProjectManager.ComputerToolchain=false
Mcu.Pin17=PA9
RCC.HSI_VALUE=16000000
Mcu.Pin18=PA10
NVIC.PriorityGroup=NVIC_PRIORITYGROUP_4
Mcu.Pin11=PB10
Mcu.Pin12=PB12
RCC.PLLM=25
Mcu.Pin10=PA7
PB8.Signal=GPIO_Input
RCC.APB1Freq_Value=48000000
PA7.GPIOParameters=GPIO_Label
ProjectManager.DeviceId=STM32F411CEUx
PB12.GPIOParameters=GPIO_Label
PB12.Signal=GPIO_Output
ProjectManager.LibraryCopy=0
PA7.Signal=SPI1_MOSI
PA6.Locked=true
